<?xml version="1.0" encoding="utf-8"?>
<Project ToolsVersion="4.0" xmlns="http://schemas.microsoft.com/developer/msbuild/2003">
  <ItemGroup>
    <Filter Include="Source Files">
      <UniqueIdentifier>{4FC737F1-C7A5-4376-A066-2A32D752A2FF}</UniqueIdentifier>
      <Extensions>cpp;c;cc;cxx;c++;cppm;ixx;def;odl;idl;hpj;bat;asm;asmx</Extensions>
    </Filter>
    <Filter Include="Header Files">
      <UniqueIdentifier>{93995380-89BD-4b04-88EB-625FBE52EBFB}</UniqueIdentifier>
      <Extensions>h;hh;hpp;hxx;h++;hm;inl;inc;ipp;xsd</Extensions>
    </Filter>
    <Filter Include="Resource Files">
      <UniqueIdentifier>{67DA6AB6-F800-4c08-8B7A-83BB121AAD01}</UniqueIdentifier>
      <Extensions>rc;ico;cur;bmp;dlg;rc2;rct;bin;rgs;gif;jpg;jpeg;jpe;resx;tiff;tif;png;wav;mfcribbon-ms</Extensions>
    </Filter>
    <Filter Include="Header Files\MinerStates">
      <UniqueIdentifier>{be202249-2d14-4d63-adfc-a00ab44ae79c}</UniqueIdentifier>
    </Filter>
  </ItemGroup>
  <ItemGroup>
    <ClCompile Include="Main.cpp">
      <Filter>Source Files</Filter>
    </ClCompile>
    <ClCompile Include="Time.cpp">
      <Filter>Source Files</Filter>
    </ClCompile>
    <ClCompile Include="GameWorld.cpp">
      <Filter>Source Files</Filter>
    </ClCompile>
    <ClCompile Include="State.cpp">
      <Filter>Source Files</Filter>
    </ClCompile>
    <ClCompile Include="BaseGameEntity.cpp">
      <Filter>Source Files</Filter>
    </ClCompile>
    <ClCompile Include="Agent.cpp">
      <Filter>Source Files</Filter>
    </ClCompile>
    <ClCompile Include="EnterMineAndDigForGold.cpp">
      <Filter>Source Files</Filter>
    </ClCompile>
    <ClCompile Include="Work.cpp">
      <Filter>Source Files</Filter>
    </ClCompile>
    <ClCompile Include="State2.0.h">
      <Filter>Header Files</Filter>
    </ClCompile>
    <ClCompile Include="WorkState.cpp">
      <Filter>Source Files</Filter>
    </ClCompile>
    <ClCompile Include="AgentStateMachine.cpp">
      <Filter>Source Files</Filter>
    </ClCompile>
    <ClCompile Include="AgentManager.cpp">
      <Filter>Source Files</Filter>
    </ClCompile>
    <ClCompile Include="MessageDispatcher.cpp">
      <Filter>Source Files</Filter>
    </ClCompile>
  </ItemGroup>
  <ItemGroup>
    <ClInclude Include="Time.h">
      <Filter>Header Files</Filter>
    </ClInclude>
    <ClInclude Include="GameWorld.h">
      <Filter>Header Files</Filter>
    </ClInclude>
    <ClInclude Include="State.h">
      <Filter>Header Files</Filter>
    </ClInclude>
    <ClInclude Include="BaseGameEntity.h">
      <Filter>Header Files</Filter>
    </ClInclude>
    <ClInclude Include="Agent.h">
      <Filter>Header Files</Filter>
    </ClInclude>
    <ClInclude Include="resource.h">
      <Filter>Header Files</Filter>
    </ClInclude>
    <ClInclude Include="Constants.h">
      <Filter>Header Files</Filter>
    </ClInclude>
    <ClInclude Include="EnterMineAndDigForGold.h">
      <Filter>Header Files\MinerStates</Filter>
    </ClInclude>
    <ClInclude Include="StateMachine.h">
      <Filter>Header Files</Filter>
    </ClInclude>
    <ClInclude Include="Work.h">
      <Filter>Header Files</Filter>
    </ClInclude>
    <ClInclude Include="WorkState.h">
      <Filter>Header Files\MinerStates</Filter>
    </ClInclude>
    <ClInclude Include="AgentStateMachine.h">
      <Filter>Header Files</Filter>
    </ClInclude>
    <ClInclude Include="WalkState.h">
      <Filter>Header Files\MinerStates</Filter>
    </ClInclude>
    <ClInclude Include="SleepingState.h">
      <Filter>Header Files\MinerStates</Filter>
    </ClInclude>
    <ClInclude Include="EatState.h">
      <Filter>Header Files\MinerStates</Filter>
    </ClInclude>
    <ClInclude Include="DrinkState.h">
      <Filter>Header Files\MinerStates</Filter>
    </ClInclude>
    <ClInclude Include="BuyState.h">
      <Filter>Header Files\MinerStates</Filter>
    </ClInclude>
    <ClInclude Include="DeadState.h">
      <Filter>Header Files\MinerStates</Filter>
    </ClInclude>
    <ClInclude Include="AgentManager.h">
      <Filter>Header Files</Filter>
    </ClInclude>
    <ClInclude Include="MessageDispatcher.h">
      <Filter>Header Files</Filter>
    </ClInclude>
    <ClInclude Include="Telegram.h">
      <Filter>Header Files</Filter>
    </ClInclude>
    <ClInclude Include="SocializeState.h">
      <Filter>Header Files\MinerStates</Filter>
    </ClInclude>
  </ItemGroup>
  <ItemGroup>
    <ResourceCompile Include="Assignment-1-FSM.rc">
      <Filter>Resource Files</Filter>
    </ResourceCompile>
  </ItemGroup>
</Project>